
Microsoft Visual Studio Solution File, Format Version 12.00
# Visual Studio 15
VisualStudioVersion = 15.0.27703.2000
MinimumVisualStudioVersion = 10.0.40219.1
Project("{FAE04EC0-301F-11D3-BF4B-00C04F79EFBC}") = "SmartNodeUpgradeSharp", "SmartNodeUpgradeSharp\SmartNodeUpgradeSharp.csproj", "{E579C15E-6F7D-415B-8ECF-22A1554E315D}"
EndProject
Global
	GlobalSection(SolutionConfigurationPlatforms) = preSolution
		Debug|Any CPU = Debug|Any CPU
		Release|Any CPU = Release|Any CPU
	EndGlobalSection
	GlobalSection(ProjectConfigurationPlatforms) = postSolution
		{E579C15E-6F7D-415B-8ECF-22A1554E315D}.Debug|Any CPU.ActiveCfg = Debug|Any CPU
		{E579C15E-6F7D-415B-8ECF-22A1554E315D}.Debug|Any CPU.Build.0 = Debug|Any CPU
		{E579C15E-6F7D-415B-8ECF-22A1554E315D}.Release|Any CPU.ActiveCfg = Release|Any CPU
		{E579C15E-6F7D-415B-8ECF-22A1554E315D}.Release|Any CPU.Build.0 = Release|Any CPU
	EndGlobalSection
	GlobalSection(SolutionProperties) = preSolution
		HideSolutionNode = FALSE
	EndGlobalSection
	GlobalSection(ExtensibilityGlobals) = postSolution
		SolutionGuid = {85E1228D-6CAC-4832-8566-699EF5186FD8}
	EndGlobalSection
EndGlobal
